
Microsoft Visual Studio Solution File, Format Version 12.00
# Visual Studio Version 17
VisualStudioVersion = 17.3.32929.385
MinimumVisualStudioVersion = 10.0.40219.1
Project("{FAE04EC0-301F-11D3-BF4B-00C04F79EFBC}") = "SaleProject", "SaleProject\SaleProject.csproj", "{2FEA11C2-AC7A-4674-9458-0E502A067300}"
EndProject
Global
	GlobalSection(SolutionConfigurationPlatforms) = preSolution
		Debug|Any CPU = Debug|Any CPU
		Release|Any CPU = Release|Any CPU
	EndGlobalSection
	GlobalSection(ProjectConfigurationPlatforms) = postSolution
		{2FEA11C2-AC7A-4674-9458-0E502A067300}.Debug|Any CPU.ActiveCfg = Debug|Any CPU
		{2FEA11C2-AC7A-4674-9458-0E502A067300}.Debug|Any CPU.Build.0 = Debug|Any CPU
		{2FEA11C2-AC7A-4674-9458-0E502A067300}.Release|Any CPU.ActiveCfg = Release|Any CPU
		{2FEA11C2-AC7A-4674-9458-0E502A067300}.Release|Any CPU.Build.0 = Release|Any CPU
	EndGlobalSection
	GlobalSection(SolutionProperties) = preSolution
		HideSolutionNode = FALSE
	EndGlobalSection
	GlobalSection(ExtensibilityGlobals) = postSolution
		SolutionGuid = {0B49B79D-82E9-4152-A137-95505ABE0044}
	EndGlobalSection
EndGlobal
